
Microsoft Visual Studio Solution File, Format Version 12.00
# Visual Studio 2013
VisualStudioVersion = 12.0.21005.1
MinimumVisualStudioVersion = 10.0.40219.1
Project("{FAE04EC0-301F-11D3-BF4B-00C04F79EFBC}") = "TestProductMethods", "TestProductMethods\TestProductMethods.csproj", "{A72C0BEE-34F7-4A22-A088-CA439EC6DF9A}"
EndProject
Project("{FAE04EC0-301F-11D3-BF4B-00C04F79EFBC}") = "ProductLib", "ProductLib\ProductLib.csproj", "{3731B26F-942E-49EE-AC55-9D4620116A8D}"
EndProject
Global
	GlobalSection(SolutionConfigurationPlatforms) = preSolution
		Debug|Any CPU = Debug|Any CPU
		Release|Any CPU = Release|Any CPU
	EndGlobalSection
	GlobalSection(ProjectConfigurationPlatforms) = postSolution
		{A72C0BEE-34F7-4A22-A088-CA439EC6DF9A}.Debug|Any CPU.ActiveCfg = Debug|Any CPU
		{A72C0BEE-34F7-4A22-A088-CA439EC6DF9A}.Debug|Any CPU.Build.0 = Debug|Any CPU
		{A72C0BEE-34F7-4A22-A088-CA439EC6DF9A}.Release|Any CPU.ActiveCfg = Release|Any CPU
		{A72C0BEE-34F7-4A22-A088-CA439EC6DF9A}.Release|Any CPU.Build.0 = Release|Any CPU
		{3731B26F-942E-49EE-AC55-9D4620116A8D}.Debug|Any CPU.ActiveCfg = Debug|Any CPU
		{3731B26F-942E-49EE-AC55-9D4620116A8D}.Debug|Any CPU.Build.0 = Debug|Any CPU
		{3731B26F-942E-49EE-AC55-9D4620116A8D}.Release|Any CPU.ActiveCfg = Release|Any CPU
		{3731B26F-942E-49EE-AC55-9D4620116A8D}.Release|Any CPU.Build.0 = Release|Any CPU
	EndGlobalSection
	GlobalSection(SolutionProperties) = preSolution
		HideSolutionNode = FALSE
	EndGlobalSection
EndGlobal
